
Microsoft Visual Studio Solution File, Format Version 12.00
# Visual Studio Version 17
VisualStudioVersion = 17.2.32630.192
MinimumVisualStudioVersion = 10.0.40219.1
Project("{FAE04EC0-301F-11D3-BF4B-00C04F79EFBC}") = "ProgrammersBlog.Entities", "ProgrammersBlog.Entities\ProgrammersBlog.Entities.csproj", "{C08C59FA-D4F1-4425-A361-CC95D10340F0}"
EndProject
Project("{FAE04EC0-301F-11D3-BF4B-00C04F79EFBC}") = "ProgrammersBlog.Shared", "ProgrammersBlog.Shared\ProgrammersBlog.Shared.csproj", "{45312283-09B7-4078-895F-66AABA9D2C8C}"
EndProject
Project("{FAE04EC0-301F-11D3-BF4B-00C04F79EFBC}") = "ProgrammersBlog.Data", "ProgrammersBlog.Data\ProgrammersBlog.Data.csproj", "{C05CECDB-A127-4294-A7B3-E1FE1FA27E51}"
EndProject
Project("{FAE04EC0-301F-11D3-BF4B-00C04F79EFBC}") = "ProgrammersBlog.Services", "ProgrammersBlog.Services\ProgrammersBlog.Services.csproj", "{5D94E4EB-A562-4359-A0CC-65C90914A0BC}"
EndProject
Project("{FAE04EC0-301F-11D3-BF4B-00C04F79EFBC}") = "ProgrammersBlog.Mvc", "ProgrammersBlog.Mvc\ProgrammersBlog.Mvc.csproj", "{FAB586B0-D36E-4414-9706-969F426C5BE3}"
EndProject
Global
	GlobalSection(SolutionConfigurationPlatforms) = preSolution
		Debug|Any CPU = Debug|Any CPU
		Release|Any CPU = Release|Any CPU
	EndGlobalSection
	GlobalSection(ProjectConfigurationPlatforms) = postSolution
		{C08C59FA-D4F1-4425-A361-CC95D10340F0}.Debug|Any CPU.ActiveCfg = Debug|Any CPU
		{C08C59FA-D4F1-4425-A361-CC95D10340F0}.Debug|Any CPU.Build.0 = Debug|Any CPU
		{C08C59FA-D4F1-4425-A361-CC95D10340F0}.Release|Any CPU.ActiveCfg = Release|Any CPU
		{C08C59FA-D4F1-4425-A361-CC95D10340F0}.Release|Any CPU.Build.0 = Release|Any CPU
		{45312283-09B7-4078-895F-66AABA9D2C8C}.Debug|Any CPU.ActiveCfg = Debug|Any CPU
		{45312283-09B7-4078-895F-66AABA9D2C8C}.Debug|Any CPU.Build.0 = Debug|Any CPU
		{45312283-09B7-4078-895F-66AABA9D2C8C}.Release|Any CPU.ActiveCfg = Release|Any CPU
		{45312283-09B7-4078-895F-66AABA9D2C8C}.Release|Any CPU.Build.0 = Release|Any CPU
		{C05CECDB-A127-4294-A7B3-E1FE1FA27E51}.Debug|Any CPU.ActiveCfg = Debug|Any CPU
		{C05CECDB-A127-4294-A7B3-E1FE1FA27E51}.Debug|Any CPU.Build.0 = Debug|Any CPU
		{C05CECDB-A127-4294-A7B3-E1FE1FA27E51}.Release|Any CPU.ActiveCfg = Release|Any CPU
		{C05CECDB-A127-4294-A7B3-E1FE1FA27E51}.Release|Any CPU.Build.0 = Release|Any CPU
		{5D94E4EB-A562-4359-A0CC-65C90914A0BC}.Debug|Any CPU.ActiveCfg = Debug|Any CPU
		{5D94E4EB-A562-4359-A0CC-65C90914A0BC}.Debug|Any CPU.Build.0 = Debug|Any CPU
		{5D94E4EB-A562-4359-A0CC-65C90914A0BC}.Release|Any CPU.ActiveCfg = Release|Any CPU
		{5D94E4EB-A562-4359-A0CC-65C90914A0BC}.Release|Any CPU.Build.0 = Release|Any CPU
		{FAB586B0-D36E-4414-9706-969F426C5BE3}.Debug|Any CPU.ActiveCfg = Debug|Any CPU
		{FAB586B0-D36E-4414-9706-969F426C5BE3}.Debug|Any CPU.Build.0 = Debug|Any CPU
		{FAB586B0-D36E-4414-9706-969F426C5BE3}.Release|Any CPU.ActiveCfg = Release|Any CPU
		{FAB586B0-D36E-4414-9706-969F426C5BE3}.Release|Any CPU.Build.0 = Release|Any CPU
	EndGlobalSection
	GlobalSection(SolutionProperties) = preSolution
		HideSolutionNode = FALSE
	EndGlobalSection
	GlobalSection(ExtensibilityGlobals) = postSolution
		SolutionGuid = {A62CD204-F725-4141-B3E7-F5E5939E98AE}
	EndGlobalSection
EndGlobal
